
Microsoft Visual Studio Solution File, Format Version 12.00
# Visual Studio 15
VisualStudioVersion = 15.0.28307.705
MinimumVisualStudioVersion = 10.0.40219.1
Project("{FAE04EC0-301F-11D3-BF4B-00C04F79EFBC}") = "LBGtestConsole", "LBGtestConsole\LBGtestConsole.csproj", "{8CB1A1B3-0AB9-40E9-9229-7A3177A2A375}"
EndProject
Project("{FAE04EC0-301F-11D3-BF4B-00C04F79EFBC}") = "LBGtestConsoleTests", "LBGtestConsoleTests\LBGtestConsoleTests.csproj", "{98024DBC-539D-40A0-AA12-304841B382B9}"
EndProject
Global
	GlobalSection(SolutionConfigurationPlatforms) = preSolution
		Debug|Any CPU = Debug|Any CPU
		Release|Any CPU = Release|Any CPU
	EndGlobalSection
	GlobalSection(ProjectConfigurationPlatforms) = postSolution
		{8CB1A1B3-0AB9-40E9-9229-7A3177A2A375}.Debug|Any CPU.ActiveCfg = Debug|Any CPU
		{8CB1A1B3-0AB9-40E9-9229-7A3177A2A375}.Debug|Any CPU.Build.0 = Debug|Any CPU
		{8CB1A1B3-0AB9-40E9-9229-7A3177A2A375}.Release|Any CPU.ActiveCfg = Release|Any CPU
		{8CB1A1B3-0AB9-40E9-9229-7A3177A2A375}.Release|Any CPU.Build.0 = Release|Any CPU
		{98024DBC-539D-40A0-AA12-304841B382B9}.Debug|Any CPU.ActiveCfg = Debug|Any CPU
		{98024DBC-539D-40A0-AA12-304841B382B9}.Debug|Any CPU.Build.0 = Debug|Any CPU
		{98024DBC-539D-40A0-AA12-304841B382B9}.Release|Any CPU.ActiveCfg = Release|Any CPU
		{98024DBC-539D-40A0-AA12-304841B382B9}.Release|Any CPU.Build.0 = Release|Any CPU
	EndGlobalSection
	GlobalSection(SolutionProperties) = preSolution
		HideSolutionNode = FALSE
	EndGlobalSection
	GlobalSection(ExtensibilityGlobals) = postSolution
		SolutionGuid = {F49DB885-1051-4DDD-B52A-DC8421326FD6}
	EndGlobalSection
EndGlobal
